
Microsoft Visual Studio Solution File, Format Version 12.00
# Visual Studio 15
VisualStudioVersion = 15.0.27004.2002
MinimumVisualStudioVersion = 10.0.40219.1
Project("{FAE04EC0-301F-11D3-BF4B-00C04F79EFBC}") = "DataAccess", "DataAccess\DataAccess.csproj", "{FF76B289-78BB-4F9C-8300-C2F6E819EAC6}"
EndProject
Project("{FAE04EC0-301F-11D3-BF4B-00C04F79EFBC}") = "ExampleService", "ExampleService\ExampleService.csproj", "{4684EDDB-4DC6-465D-991F-1BBFD2A52CB2}"
EndProject
Project("{FAE04EC0-301F-11D3-BF4B-00C04F79EFBC}") = "ExampleServiceTests", "ExampleServiceTests\ExampleServiceTests.csproj", "{28EA3879-411E-4398-AB8B-8E1BA5F9EBC0}"
EndProject
Global
	GlobalSection(SolutionConfigurationPlatforms) = preSolution
		Debug|Any CPU = Debug|Any CPU
		Release|Any CPU = Release|Any CPU
	EndGlobalSection
	GlobalSection(ProjectConfigurationPlatforms) = postSolution
		{FF76B289-78BB-4F9C-8300-C2F6E819EAC6}.Debug|Any CPU.ActiveCfg = Debug|Any CPU
		{FF76B289-78BB-4F9C-8300-C2F6E819EAC6}.Debug|Any CPU.Build.0 = Debug|Any CPU
		{FF76B289-78BB-4F9C-8300-C2F6E819EAC6}.Release|Any CPU.ActiveCfg = Release|Any CPU
		{FF76B289-78BB-4F9C-8300-C2F6E819EAC6}.Release|Any CPU.Build.0 = Release|Any CPU
		{4684EDDB-4DC6-465D-991F-1BBFD2A52CB2}.Debug|Any CPU.ActiveCfg = Debug|Any CPU
		{4684EDDB-4DC6-465D-991F-1BBFD2A52CB2}.Debug|Any CPU.Build.0 = Debug|Any CPU
		{4684EDDB-4DC6-465D-991F-1BBFD2A52CB2}.Release|Any CPU.ActiveCfg = Release|Any CPU
		{4684EDDB-4DC6-465D-991F-1BBFD2A52CB2}.Release|Any CPU.Build.0 = Release|Any CPU
		{28EA3879-411E-4398-AB8B-8E1BA5F9EBC0}.Debug|Any CPU.ActiveCfg = Debug|Any CPU
		{28EA3879-411E-4398-AB8B-8E1BA5F9EBC0}.Debug|Any CPU.Build.0 = Debug|Any CPU
		{28EA3879-411E-4398-AB8B-8E1BA5F9EBC0}.Release|Any CPU.ActiveCfg = Release|Any CPU
		{28EA3879-411E-4398-AB8B-8E1BA5F9EBC0}.Release|Any CPU.Build.0 = Release|Any CPU
	EndGlobalSection
	GlobalSection(SolutionProperties) = preSolution
		HideSolutionNode = FALSE
	EndGlobalSection
	GlobalSection(ExtensibilityGlobals) = postSolution
		SolutionGuid = {7A22EB85-4D04-410C-B808-1FAB07839DBE}
	EndGlobalSection
EndGlobal
